// !$*UTF8*$!
{
	archiveVersion = 1;
	classes = {
	};
	objectVersion = 56;
	objects = {

/* Begin PBXBuildFile section */
		37F8FA682BC90E4400675DEC /* AppDelegate.swift in Sources */ = {isa = PBXBuildFile; fileRef = 37F8FA672BC90E4400675DEC /* AppDelegate.swift */; };
		37F8FA6A2BC90E4400675DEC /* SceneDelegate.swift in Sources */ = {isa = PBXBuildFile; fileRef = 37F8FA692BC90E4400675DEC /* SceneDelegate.swift */; };
		37F8FA6C2BC90E4400675DEC /* ViewController.swift in Sources */ = {isa = PBXBuildFile; fileRef = 37F8FA6B2BC90E4400675DEC /* ViewController.swift */; };
		37F8FA6F2BC90E4400675DEC /* Main.storyboard in Resources */ = {isa = PBXBuildFile; fileRef = 37F8FA6D2BC90E4400675DEC /* Main.storyboard */; };
		37F8FA712BC90E4500675DEC /* Assets.xcassets in Resources */ = {isa = PBXBuildFile; fileRef = 37F8FA702BC90E4500675DEC /* Assets.xcassets */; };
		37F8FA742BC90E4500675DEC /* LaunchScreen.storyboard in Resources */ = {isa = PBXBuildFile; fileRef = 37F8FA722BC90E4500675DEC /* LaunchScreen.storyboard */; };
		37F8FA7C2BC90F9E00675DEC /* .gitignore in Resources */ = {isa = PBXBuildFile; fileRef = 37F8FA7B2BC90F9E00675DEC /* .gitignore */; };
		37F8FA7F2BC90FFE00675DEC /* Alamofire in Frameworks */ = {isa = PBXBuildFile; productRef = 37F8FA7E2BC90FFE00675DEC /* Alamofire */; };
		37F8FA812BC90FFE00675DEC /* AlamofireDynamic in Frameworks */ = {isa = PBXBuildFile; productRef = 37F8FA802BC90FFE00675DEC /* AlamofireDynamic */; };
		37F8FA842BC9104200675DEC /* Kingfisher in Frameworks */ = {isa = PBXBuildFile; productRef = 37F8FA832BC9104200675DEC /* Kingfisher */; };
		37F8FA902BC9123700675DEC /* ProfileTableViewCell.swift in Sources */ = {isa = PBXBuildFile; fileRef = 37F8FA8F2BC9123700675DEC /* ProfileTableViewCell.swift */; };
		37F8FA932BC92B8300675DEC /* RepositoryTableViewCell.swift in Sources */ = {isa = PBXBuildFile; fileRef = 37F8FA912BC92B8300675DEC /* RepositoryTableViewCell.swift */; };
		37F8FA942BC92B8300675DEC /* RepositoryTableViewCell.xib in Resources */ = {isa = PBXBuildFile; fileRef = 37F8FA922BC92B8300675DEC /* RepositoryTableViewCell.xib */; };
		37F8FA962BC93D0A00675DEC /* ProfileDTO.swift in Sources */ = {isa = PBXBuildFile; fileRef = 37F8FA952BC93D0A00675DEC /* ProfileDTO.swift */; };
		37F8FA982BC941A400675DEC /* RepositoryDTO.swift in Sources */ = {isa = PBXBuildFile; fileRef = 37F8FA972BC941A400675DEC /* RepositoryDTO.swift */; };
		37F8FA9A2BC9492F00675DEC /* NetworkManager.swift in Sources */ = {isa = PBXBuildFile; fileRef = 37F8FA992BC9492F00675DEC /* NetworkManager.swift */; };
/* End PBXBuildFile section */

/* Begin PBXFileReference section */
		37F8FA642BC90E4400675DEC /* GithubProfile.app */ = {isa = PBXFileReference; explicitFileType = wrapper.application; includeInIndex = 0; path = GithubProfile.app; sourceTree = BUILT_PRODUCTS_DIR; };
		37F8FA672BC90E4400675DEC /* AppDelegate.swift */ = {isa = PBXFileReference; lastKnownFileType = sourcecode.swift; path = AppDelegate.swift; sourceTree = "<group>"; };
		37F8FA692BC90E4400675DEC /* SceneDelegate.swift */ = {isa = PBXFileReference; lastKnownFileType = sourcecode.swift; path = SceneDelegate.swift; sourceTree = "<group>"; };
		37F8FA6B2BC90E4400675DEC /* ViewController.swift */ = {isa = PBXFileReference; lastKnownFileType = sourcecode.swift; path = ViewController.swift; sourceTree = "<group>"; };
		37F8FA6E2BC90E4400675DEC /* Base */ = {isa = PBXFileReference; lastKnownFileType = file.storyboard; name = Base; path = Base.lproj/Main.storyboard; sourceTree = "<group>"; };
		37F8FA702BC90E4500675DEC /* Assets.xcassets */ = {isa = PBXFileReference; lastKnownFileType = folder.assetcatalog; path = Assets.xcassets; sourceTree = "<group>"; };
		37F8FA732BC90E4500675DEC /* Base */ = {isa = PBXFileReference; lastKnownFileType = file.storyboard; name = Base; path = Base.lproj/LaunchScreen.storyboard; sourceTree = "<group>"; };
		37F8FA752BC90E4500675DEC /* Info.plist */ = {isa = PBXFileReference; lastKnownFileType = text.plist.xml; path = Info.plist; sourceTree = "<group>"; };
		37F8FA7B2BC90F9E00675DEC /* .gitignore */ = {isa = PBXFileReference; lastKnownFileType = text; path = .gitignore; sourceTree = "<group>"; };
		37F8FA8F2BC9123700675DEC /* ProfileTableViewCell.swift */ = {isa = PBXFileReference; lastKnownFileType = sourcecode.swift; path = ProfileTableViewCell.swift; sourceTree = "<group>"; };
		37F8FA912BC92B8300675DEC /* RepositoryTableViewCell.swift */ = {isa = PBXFileReference; lastKnownFileType = sourcecode.swift; path = RepositoryTableViewCell.swift; sourceTree = "<group>"; };
		37F8FA922BC92B8300675DEC /* RepositoryTableViewCell.xib */ = {isa = PBXFileReference; lastKnownFileType = file.xib; path = RepositoryTableViewCell.xib; sourceTree = "<group>"; };
		37F8FA952BC93D0A00675DEC /* ProfileDTO.swift */ = {isa = PBXFileReference; lastKnownFileType = sourcecode.swift; path = ProfileDTO.swift; sourceTree = "<group>"; };
		37F8FA972BC941A400675DEC /* RepositoryDTO.swift */ = {isa = PBXFileReference; lastKnownFileType = sourcecode.swift; path = RepositoryDTO.swift; sourceTree = "<group>"; };
		37F8FA992BC9492F00675DEC /* NetworkManager.swift */ = {isa = PBXFileReference; lastKnownFileType = sourcecode.swift; path = NetworkManager.swift; sourceTree = "<group>"; };
/* End PBXFileReference section */

/* Begin PBXFrameworksBuildPhase section */
		37F8FA612BC90E4400675DEC /* Frameworks */ = {
			isa = PBXFrameworksBuildPhase;
			buildActionMask = 2147483647;
			files = (
				37F8FA842BC9104200675DEC /* Kingfisher in Frameworks */,
				37F8FA7F2BC90FFE00675DEC /* Alamofire in Frameworks */,
				37F8FA812BC90FFE00675DEC /* AlamofireDynamic in Frameworks */,
			);
			runOnlyForDeploymentPostprocessing = 0;
		};
/* End PBXFrameworksBuildPhase section */

/* Begin PBXGroup section */
		37F8FA5B2BC90E4400675DEC = {
			isa = PBXGroup;
			children = (
				37F8FA7B2BC90F9E00675DEC /* .gitignore */,
				37F8FA662BC90E4400675DEC /* GithubProfile */,
				37F8FA652BC90E4400675DEC /* Products */,
			);
			sourceTree = "<group>";
		};
		37F8FA652BC90E4400675DEC /* Products */ = {
			isa = PBXGroup;
			children = (
				37F8FA642BC90E4400675DEC /* GithubProfile.app */,
			);
			name = Products;
			sourceTree = "<group>";
		};
		37F8FA662BC90E4400675DEC /* GithubProfile */ = {
			isa = PBXGroup;
			children = (
				37F8FA672BC90E4400675DEC /* AppDelegate.swift */,
				37F8FA692BC90E4400675DEC /* SceneDelegate.swift */,
				37F8FA852BC9111900675DEC /* Model */,
				37F8FA862BC9111F00675DEC /* View */,
				37F8FA872BC9112400675DEC /* Controller */,
				37F8FA702BC90E4500675DEC /* Assets.xcassets */,
				37F8FA722BC90E4500675DEC /* LaunchScreen.storyboard */,
				37F8FA752BC90E4500675DEC /* Info.plist */,
			);
			path = GithubProfile;
			sourceTree = "<group>";
		};
		37F8FA852BC9111900675DEC /* Model */ = {
			isa = PBXGroup;
			children = (
				37F8FA952BC93D0A00675DEC /* ProfileDTO.swift */,
				37F8FA972BC941A400675DEC /* RepositoryDTO.swift */,
				37F8FA992BC9492F00675DEC /* NetworkManager.swift */,
			);
			path = Model;
			sourceTree = "<group>";
		};
		37F8FA862BC9111F00675DEC /* View */ = {
			isa = PBXGroup;
			children = (
				37F8FA8E2BC9121100675DEC /* Cell */,
				37F8FA6D2BC90E4400675DEC /* Main.storyboard */,
			);
			path = View;
			sourceTree = "<group>";
		};
		37F8FA872BC9112400675DEC /* Controller */ = {
			isa = PBXGroup;
			children = (
				37F8FA6B2BC90E4400675DEC /* ViewController.swift */,
			);
			path = Controller;
			sourceTree = "<group>";
		};
		37F8FA8E2BC9121100675DEC /* Cell */ = {
			isa = PBXGroup;
			children = (
				37F8FA8F2BC9123700675DEC /* ProfileTableViewCell.swift */,
				37F8FA912BC92B8300675DEC /* RepositoryTableViewCell.swift */,
				37F8FA922BC92B8300675DEC /* RepositoryTableViewCell.xib */,
			);
			path = Cell;
			sourceTree = "<group>";
		};
/* End PBXGroup section */

/* Begin PBXNativeTarget section */
		37F8FA632BC90E4400675DEC /* GithubProfile */ = {
			isa = PBXNativeTarget;
			buildConfigurationList = 37F8FA782BC90E4500675DEC /* Build configuration list for PBXNativeTarget "GithubProfile" */;
			buildPhases = (
				37F8FA602BC90E4400675DEC /* Sources */,
				37F8FA612BC90E4400675DEC /* Frameworks */,
				37F8FA622BC90E4400675DEC /* Resources */,
			);
			buildRules = (
			);
			dependencies = (
			);
			name = GithubProfile;
			packageProductDependencies = (
				37F8FA7E2BC90FFE00675DEC /* Alamofire */,
				37F8FA802BC90FFE00675DEC /* AlamofireDynamic */,
				37F8FA832BC9104200675DEC /* Kingfisher */,
			);
			productName = GithubProfile;
			productReference = 37F8FA642BC90E4400675DEC /* GithubProfile.app */;
			productType = "com.apple.product-type.application";
		};
/* End PBXNativeTarget section */

/* Begin PBXProject section */
		37F8FA5C2BC90E4400675DEC /* Project object */ = {
			isa = PBXProject;
			attributes = {
				BuildIndependentTargetsInParallel = 1;
				LastSwiftUpdateCheck = 1520;
				LastUpgradeCheck = 1520;
				TargetAttributes = {
					37F8FA632BC90E4400675DEC = {
						CreatedOnToolsVersion = 15.2;
					};
				};
			};
			buildConfigurationList = 37F8FA5F2BC90E4400675DEC /* Build configuration list for PBXProject "GithubProfile" */;
			compatibilityVersion = "Xcode 14.0";
			developmentRegion = en;
			hasScannedForEncodings = 0;
			knownRegions = (
				en,
				Base,
			);
			mainGroup = 37F8FA5B2BC90E4400675DEC;
			packageReferences = (
				37F8FA7D2BC90FFE00675DEC /* XCRemoteSwiftPackageReference "Alamofire" */,
				37F8FA822BC9104200675DEC /* XCRemoteSwiftPackageReference "Kingfisher" */,
			);
			productRefGroup = 37F8FA652BC90E4400675DEC /* Products */;
			projectDirPath = "";
			projectRoot = "";
			targets = (
				37F8FA632BC90E4400675DEC /* GithubProfile */,
			);
		};
/* End PBXProject section */

/* Begin PBXResourcesBuildPhase section */
		37F8FA622BC90E4400675DEC /* Resources */ = {
			isa = PBXResourcesBuildPhase;
			buildActionMask = 2147483647;
			files = (
				37F8FA942BC92B8300675DEC /* RepositoryTableViewCell.xib in Resources */,
				37F8FA7C2BC90F9E00675DEC /* .gitignore in Resources */,
				37F8FA742BC90E4500675DEC /* LaunchScreen.storyboard in Resources */,
				37F8FA712BC90E4500675DEC /* Assets.xcassets in Resources */,
				37F8FA6F2BC90E4400675DEC /* Main.storyboard in Resources */,
			);
			runOnlyForDeploymentPostprocessing = 0;
		};
/* End PBXResourcesBuildPhase section */

/* Begin PBXSourcesBuildPhase section */
		37F8FA602BC90E4400675DEC /* Sources */ = {
			isa = PBXSourcesBuildPhase;
			buildActionMask = 2147483647;
			files = (
				37F8FA982BC941A400675DEC /* RepositoryDTO.swift in Sources */,
				37F8FA6C2BC90E4400675DEC /* ViewController.swift in Sources */,
				37F8FA962BC93D0A00675DEC /* ProfileDTO.swift in Sources */,
				37F8FA902BC9123700675DEC /* ProfileTableViewCell.swift in Sources */,
				37F8FA9A2BC9492F00675DEC /* NetworkManager.swift in Sources */,
				37F8FA682BC90E4400675DEC /* AppDelegate.swift in Sources */,
				37F8FA932BC92B8300675DEC /* RepositoryTableViewCell.swift in Sources */,
				37F8FA6A2BC90E4400675DEC /* SceneDelegate.swift in Sources */,
			);
			runOnlyForDeploymentPostprocessing = 0;
		};
/* End PBXSourcesBuildPhase section */

/* Begin PBXVariantGroup section */
		37F8FA6D2BC90E4400675DEC /* Main.storyboard */ = {
			isa = PBXVariantGroup;
			children = (
				37F8FA6E2BC90E4400675DEC /* Base */,
			);
			name = Main.storyboard;
			sourceTree = "<group>";
		};
		37F8FA722BC90E4500675DEC /* LaunchScreen.storyboard */ = {
			isa = PBXVariantGroup;
			children = (
				37F8FA732BC90E4500675DEC /* Base */,
			);
			name = LaunchScreen.storyboard;
			sourceTree = "<group>";
		};
/* End PBXVariantGroup section */

/* Begin XCBuildConfiguration section */
		37F8FA762BC90E4500675DEC /* Debug */ = {
			isa = XCBuildConfiguration;
			buildSettings = {
				ALWAYS_SEARCH_USER_PATHS = NO;
				ASSETCATALOG_COMPILER_GENERATE_SWIFT_ASSET_SYMBOL_EXTENSIONS = YES;
				CLANG_ANALYZER_NONNULL = YES;
				CLANG_ANALYZER_NUMBER_OBJECT_CONVERSION = YES_AGGRESSIVE;
				CLANG_CXX_LANGUAGE_STANDARD = "gnu++20";
				CLANG_ENABLE_MODULES = YES;
				CLANG_ENABLE_OBJC_ARC = YES;
				CLANG_ENABLE_OBJC_WEAK = YES;
				CLANG_WARN_BLOCK_CAPTURE_AUTORELEASING = YES;
				CLANG_WARN_BOOL_CONVERSION = YES;
				CLANG_WARN_COMMA = YES;
				CLANG_WARN_CONSTANT_CONVERSION = YES;
				CLANG_WARN_DEPRECATED_OBJC_IMPLEMENTATIONS = YES;
				CLANG_WARN_DIRECT_OBJC_ISA_USAGE = YES_ERROR;
				CLANG_WARN_DOCUMENTATION_COMMENTS = YES;
				CLANG_WARN_EMPTY_BODY = YES;
				CLANG_WARN_ENUM_CONVERSION = YES;
				CLANG_WARN_INFINITE_RECURSION = YES;
				CLANG_WARN_INT_CONVERSION = YES;
				CLANG_WARN_NON_LITERAL_NULL_CONVERSION = YES;
				CLANG_WARN_OBJC_IMPLICIT_RETAIN_SELF = YES;
				CLANG_WARN_OBJC_LITERAL_CONVERSION = YES;
				CLANG_WARN_OBJC_ROOT_CLASS = YES_ERROR;
				CLANG_WARN_QUOTED_INCLUDE_IN_FRAMEWORK_HEADER = YES;
				CLANG_WARN_RANGE_LOOP_ANALYSIS = YES;
				CLANG_WARN_STRICT_PROTOTYPES = YES;
				CLANG_WARN_SUSPICIOUS_MOVE = YES;
				CLANG_WARN_UNGUARDED_AVAILABILITY = YES_AGGRESSIVE;
				CLANG_WARN_UNREACHABLE_CODE = YES;
				CLANG_WARN__DUPLICATE_METHOD_MATCH = YES;
				COPY_PHASE_STRIP = NO;
				DEBUG_INFORMATION_FORMAT = dwarf;
				ENABLE_STRICT_OBJC_MSGSEND = YES;
				ENABLE_TESTABILITY = YES;
				ENABLE_USER_SCRIPT_SANDBOXING = YES;
				GCC_C_LANGUAGE_STANDARD = gnu17;
				GCC_DYNAMIC_NO_PIC = NO;
				GCC_NO_COMMON_BLOCKS = YES;
				GCC_OPTIMIZATION_LEVEL = 0;
				GCC_PREPROCESSOR_DEFINITIONS = (
					"DEBUG=1",
					"$(inherited)",
				);
				GCC_WARN_64_TO_32_BIT_CONVERSION = YES;
				GCC_WARN_ABOUT_RETURN_TYPE = YES_ERROR;
				GCC_WARN_UNDECLARED_SELECTOR = YES;
				GCC_WARN_UNINITIALIZED_AUTOS = YES_AGGRESSIVE;
				GCC_WARN_UNUSED_FUNCTION = YES;
				GCC_WARN_UNUSED_VARIABLE = YES;
				IPHONEOS_DEPLOYMENT_TARGET = 17.2;
				LOCALIZATION_PREFERS_STRING_CATALOGS = YES;
				MTL_ENABLE_DEBUG_INFO = INCLUDE_SOURCE;
				MTL_FAST_MATH = YES;
				ONLY_ACTIVE_ARCH = YES;
				SDKROOT = iphoneos;
				SWIFT_ACTIVE_COMPILATION_CONDITIONS = "DEBUG $(inherited)";
				SWIFT_OPTIMIZATION_LEVEL = "-Onone";
			};
			name = Debug;
		};
		37F8FA772BC90E4500675DEC /* Release */ = {
			isa = XCBuildConfiguration;
			buildSettings = {
				ALWAYS_SEARCH_USER_PATHS = NO;
				ASSETCATALOG_COMPILER_GENERATE_SWIFT_ASSET_SYMBOL_EXTENSIONS = YES;
				CLANG_ANALYZER_NONNULL = YES;
				CLANG_ANALYZER_NUMBER_OBJECT_CONVERSION = YES_AGGRESSIVE;
				CLANG_CXX_LANGUAGE_STANDARD = "gnu++20";
				CLANG_ENABLE_MODULES = YES;
				CLANG_ENABLE_OBJC_ARC = YES;
				CLANG_ENABLE_OBJC_WEAK = YES;
				CLANG_WARN_BLOCK_CAPTURE_AUTORELEASING = YES;
				CLANG_WARN_BOOL_CONVERSION = YES;
				CLANG_WARN_COMMA = YES;
				CLANG_WARN_CONSTANT_CONVERSION = YES;
				CLANG_WARN_DEPRECATED_OBJC_IMPLEMENTATIONS = YES;
				CLANG_WARN_DIRECT_OBJC_ISA_USAGE = YES_ERROR;
				CLANG_WARN_DOCUMENTATION_COMMENTS = YES;
				CLANG_WARN_EMPTY_BODY = YES;
				CLANG_WARN_ENUM_CONVERSION = YES;
				CLANG_WARN_INFINITE_RECURSION = YES;
				CLANG_WARN_INT_CONVERSION = YES;
				CLANG_WARN_NON_LITERAL_NULL_CONVERSION = YES;
				CLANG_WARN_OBJC_IMPLICIT_RETAIN_SELF = YES;
				CLANG_WARN_OBJC_LITERAL_CONVERSION = YES;
				CLANG_WARN_OBJC_ROOT_CLASS = YES_ERROR;
				CLANG_WARN_QUOTED_INCLUDE_IN_FRAMEWORK_HEADER = YES;
				CLANG_WARN_RANGE_LOOP_ANALYSIS = YES;
				CLANG_WARN_STRICT_PROTOTYPES = YES;
				CLANG_WARN_SUSPICIOUS_MOVE = YES;
				CLANG_WARN_UNGUARDED_AVAILABILITY = YES_AGGRESSIVE;
				CLANG_WARN_UNREACHABLE_CODE = YES;
				CLANG_WARN__DUPLICATE_METHOD_MATCH = YES;
				COPY_PHASE_STRIP = NO;
				DEBUG_INFORMATION_FORMAT = "dwarf-with-dsym";
				ENABLE_NS_ASSERTIONS = NO;
				ENABLE_STRICT_OBJC_MSGSEND = YES;
				ENABLE_USER_SCRIPT_SANDBOXING = YES;
				GCC_C_LANGUAGE_STANDARD = gnu17;
				GCC_NO_COMMON_BLOCKS = YES;
				GCC_WARN_64_TO_32_BIT_CONVERSION = YES;
				GCC_WARN_ABOUT_RETURN_TYPE = YES_ERROR;
				GCC_WARN_UNDECLARED_SELECTOR = YES;
				GCC_WARN_UNINITIALIZED_AUTOS = YES_AGGRESSIVE;
				GCC_WARN_UNUSED_FUNCTION = YES;
				GCC_WARN_UNUSED_VARIABLE = YES;
				IPHONEOS_DEPLOYMENT_TARGET = 17.2;
				LOCALIZATION_PREFERS_STRING_CATALOGS = YES;
				MTL_ENABLE_DEBUG_INFO = NO;
				MTL_FAST_MATH = YES;
				SDKROOT = iphoneos;
				SWIFT_COMPILATION_MODE = wholemodule;
				VALIDATE_PRODUCT = YES;
			};
			name = Release;
		};
		37F8FA792BC90E4500675DEC /* Debug */ = {
			isa = XCBuildConfiguration;
			buildSettings = {
				ASSETCATALOG_COMPILER_APPICON_NAME = AppIcon;
				ASSETCATALOG_COMPILER_GLOBAL_ACCENT_COLOR_NAME = AccentColor;
				CODE_SIGN_STYLE = Automatic;
				CURRENT_PROJECT_VERSION = 1;
				GENERATE_INFOPLIST_FILE = YES;
				INFOPLIST_FILE = GithubProfile/Info.plist;
				INFOPLIST_KEY_UIApplicationSupportsIndirectInputEvents = YES;
				INFOPLIST_KEY_UILaunchStoryboardName = LaunchScreen;
				INFOPLIST_KEY_UIMainStoryboardFile = Main;
				INFOPLIST_KEY_UISupportedInterfaceOrientations = UIInterfaceOrientationPortrait;
				INFOPLIST_KEY_UISupportedInterfaceOrientations_iPad = "UIInterfaceOrientationLandscapeLeft UIInterfaceOrientationLandscapeRight UIInterfaceOrientationPortrait UIInterfaceOrientationPortraitUpsideDown";
				IPHONEOS_DEPLOYMENT_TARGET = 15.0;
				LD_RUNPATH_SEARCH_PATHS = (
					"$(inherited)",
					"@executable_path/Frameworks",
				);
				MARKETING_VERSION = 1.0;
				PRODUCT_BUNDLE_IDENTIFIER = com.kjh.GithubProfile;
				PRODUCT_NAME = "$(TARGET_NAME)";
				SUPPORTED_PLATFORMS = "iphoneos iphonesimulator";
				SUPPORTS_MACCATALYST = NO;
				SUPPORTS_MAC_DESIGNED_FOR_IPHONE_IPAD = NO;
				SUPPORTS_XR_DESIGNED_FOR_IPHONE_IPAD = NO;
				SWIFT_EMIT_LOC_STRINGS = YES;
				SWIFT_VERSION = 5.0;
				TARGETED_DEVICE_FAMILY = 1;
			};
			name = Debug;
		};
		37F8FA7A2BC90E4500675DEC /* Release */ = {
			isa = XCBuildConfiguration;
			buildSettings = {
				ASSETCATALOG_COMPILER_APPICON_NAME = AppIcon;
				ASSETCATALOG_COMPILER_GLOBAL_ACCENT_COLOR_NAME = AccentColor;
				CODE_SIGN_STYLE = Automatic;
				CURRENT_PROJECT_VERSION = 1;
				GENERATE_INFOPLIST_FILE = YES;
				INFOPLIST_FILE = GithubProfile/Info.plist;
				INFOPLIST_KEY_UIApplicationSupportsIndirectInputEvents = YES;
				INFOPLIST_KEY_UILaunchStoryboardName = LaunchScreen;
				INFOPLIST_KEY_UIMainStoryboardFile = Main;
				INFOPLIST_KEY_UISupportedInterfaceOrientations = UIInterfaceOrientationPortrait;
				INFOPLIST_KEY_UISupportedInterfaceOrientations_iPad = "UIInterfaceOrientationLandscapeLeft UIInterfaceOrientationLandscapeRight UIInterfaceOrientationPortrait UIInterfaceOrientationPortraitUpsideDown";
				IPHONEOS_DEPLOYMENT_TARGET = 15.0;
				LD_RUNPATH_SEARCH_PATHS = (
					"$(inherited)",
					"@executable_path/Frameworks",
				);
				MARKETING_VERSION = 1.0;
				PRODUCT_BUNDLE_IDENTIFIER = com.kjh.GithubProfile;
				PRODUCT_NAME = "$(TARGET_NAME)";
				SUPPORTED_PLATFORMS = "iphoneos iphonesimulator";
				SUPPORTS_MACCATALYST = NO;
				SUPPORTS_MAC_DESIGNED_FOR_IPHONE_IPAD = NO;
				SUPPORTS_XR_DESIGNED_FOR_IPHONE_IPAD = NO;
				SWIFT_EMIT_LOC_STRINGS = YES;
				SWIFT_VERSION = 5.0;
				TARGETED_DEVICE_FAMILY = 1;
			};
			name = Release;
		};
/* End XCBuildConfiguration section */

/* Begin XCConfigurationList section */
		37F8FA5F2BC90E4400675DEC /* Build configuration list for PBXProject "GithubProfile" */ = {
			isa = XCConfigurationList;
			buildConfigurations = (
				37F8FA762BC90E4500675DEC /* Debug */,
				37F8FA772BC90E4500675DEC /* Release */,
			);
			defaultConfigurationIsVisible = 0;
			defaultConfigurationName = Release;
		};
		37F8FA782BC90E4500675DEC /* Build configuration list for PBXNativeTarget "GithubProfile" */ = {
			isa = XCConfigurationList;
			buildConfigurations = (
				37F8FA792BC90E4500675DEC /* Debug */,
				37F8FA7A2BC90E4500675DEC /* Release */,
			);
			defaultConfigurationIsVisible = 0;
			defaultConfigurationName = Release;
		};
/* End XCConfigurationList section */

/* Begin XCRemoteSwiftPackageReference section */
		37F8FA7D2BC90FFE00675DEC /* XCRemoteSwiftPackageReference "Alamofire" */ = {
			isa = XCRemoteSwiftPackageReference;
			repositoryURL = "https://github.com/Alamofire/Alamofire";
			requirement = {
				kind = upToNextMajorVersion;
				minimumVersion = 5.9.1;
			};
		};
		37F8FA822BC9104200675DEC /* XCRemoteSwiftPackageReference "Kingfisher" */ = {
			isa = XCRemoteSwiftPackageReference;
			repositoryURL = "https://github.com/onevcat/Kingfisher";
			requirement = {
				kind = upToNextMajorVersion;
				minimumVersion = 7.11.0;
			};
		};
/* End XCRemoteSwiftPackageReference section */

/* Begin XCSwiftPackageProductDependency section */
		37F8FA7E2BC90FFE00675DEC /* Alamofire */ = {
			isa = XCSwiftPackageProductDependency;
			package = 37F8FA7D2BC90FFE00675DEC /* XCRemoteSwiftPackageReference "Alamofire" */;
			productName = Alamofire;
		};
		37F8FA802BC90FFE00675DEC /* AlamofireDynamic */ = {
			isa = XCSwiftPackageProductDependency;
			package = 37F8FA7D2BC90FFE00675DEC /* XCRemoteSwiftPackageReference "Alamofire" */;
			productName = AlamofireDynamic;
		};
		37F8FA832BC9104200675DEC /* Kingfisher */ = {
			isa = XCSwiftPackageProductDependency;
			package = 37F8FA822BC9104200675DEC /* XCRemoteSwiftPackageReference "Kingfisher" */;
			productName = Kingfisher;
		};
/* End XCSwiftPackageProductDependency section */
	};
	rootObject = 37F8FA5C2BC90E4400675DEC /* Project object */;
}
